
Microsoft Visual Studio Solution File, Format Version 12.00
# Visual Studio Version 16
VisualStudioVersion = 16.0.31424.327
MinimumVisualStudioVersion = 10.0.40219.1
Project("{8BC9CEB8-8B4A-11D0-8D11-00A0C91BC942}") = "eluosifangkuai.c", "eluosifangkuai.c\eluosifangkuai.c.vcxproj", "{BCC9093F-3038-4622-AB06-84FF28168985}"
EndProject
Global
	GlobalSection(SolutionConfigurationPlatforms) = preSolution
		Debug|x64 = Debug|x64
		Debug|x86 = Debug|x86
		Release|x64 = Release|x64
		Release|x86 = Release|x86
	EndGlobalSection
	GlobalSection(ProjectConfigurationPlatforms) = postSolution
		{BCC9093F-3038-4622-AB06-84FF28168985}.Debug|x64.ActiveCfg = Debug|x64
		{BCC9093F-3038-4622-AB06-84FF28168985}.Debug|x64.Build.0 = Debug|x64
		{BCC9093F-3038-4622-AB06-84FF28168985}.Debug|x86.ActiveCfg = Debug|Win32
		{BCC9093F-3038-4622-AB06-84FF28168985}.Debug|x86.Build.0 = Debug|Win32
		{BCC9093F-3038-4622-AB06-84FF28168985}.Release|x64.ActiveCfg = Release|x64
		{BCC9093F-3038-4622-AB06-84FF28168985}.Release|x64.Build.0 = Release|x64
		{BCC9093F-3038-4622-AB06-84FF28168985}.Release|x86.ActiveCfg = Release|Win32
		{BCC9093F-3038-4622-AB06-84FF28168985}.Release|x86.Build.0 = Release|Win32
	EndGlobalSection
	GlobalSection(SolutionProperties) = preSolution
		HideSolutionNode = FALSE
	EndGlobalSection
	GlobalSection(ExtensibilityGlobals) = postSolution
		SolutionGuid = {570BA462-1C8A-4A8A-9186-C5CC20BA61AE}
	EndGlobalSection
EndGlobal
